
Microsoft Visual Studio Solution File, Format Version 12.00
# Visual Studio Version 17
VisualStudioVersion = 17.4.33213.308
MinimumVisualStudioVersion = 10.0.40219.1
Project("{2150E333-8FDC-42A3-9474-1A3956D46DE8}") = "src", "src", "{CCB84781-A362-421A-8660-A8B4238A989C}"
EndProject
Project("{2150E333-8FDC-42A3-9474-1A3956D46DE8}") = "Services", "Services", "{356E96E5-2975-43A5-8A17-03F37F14B0C9}"
EndProject
Project("{2150E333-8FDC-42A3-9474-1A3956D46DE8}") = "Chat.API", "Chat.API", "{A59171FB-CCD6-4B28-87A6-7DB1B07F0011}"
EndProject
Project("{2150E333-8FDC-42A3-9474-1A3956D46DE8}") = "Chat.API-UnitTests", "Chat.API-UnitTests", "{0150D56F-7E56-4B73-939B-009977F5A35E}"
EndProject
Project("{2150E333-8FDC-42A3-9474-1A3956D46DE8}") = "Chat.Data", "Chat.Data", "{C6289E80-5D46-4489-8C3C-51526D963477}"
EndProject
Project("{9A19103F-16F7-4668-BE54-9A1E7A4F7556}") = "Chat.GPT", "src\Services\Chat.API\Chat.Data\Chat.GPT\Chat.GPT.csproj", "{CC2CA5AB-96ED-4BF6-81F0-B4178962E6D6}"
EndProject
Project("{9A19103F-16F7-4668-BE54-9A1E7A4F7556}") = "Chat.Redis", "src\Services\Chat.API\Chat.Data\Chat.Redis\Chat.Redis.csproj", "{ABFFC255-C696-4DD5-AF94-468BADFE1FE8}"
EndProject
Project("{9A19103F-16F7-4668-BE54-9A1E7A4F7556}") = "Chat.Database", "src\Services\Chat.API\Chat.Data\Chat.Database\Chat.Database.csproj", "{745F2A29-ED28-42D3-B26F-3EDFB278071E}"
EndProject
Project("{9A19103F-16F7-4668-BE54-9A1E7A4F7556}") = "Chat.Business", "src\Services\Chat.API\Chat.Business\Chat.Business.csproj", "{7BFF5D95-37E8-4CBF-8D85-B7C8258F5883}"
EndProject
Project("{9A19103F-16F7-4668-BE54-9A1E7A4F7556}") = "Chat.API", "src\Services\Chat.API\Chat.API\Chat.API.csproj", "{182060CB-DF5D-471E-9630-2D01A1FC4B69}"
EndProject
Project("{9A19103F-16F7-4668-BE54-9A1E7A4F7556}") = "Chat.Entities", "src\Services\Chat.API\Chat.Entities\Chat.Entities.csproj", "{1CC14180-BE52-4673-B51C-2C07DE24EB14}"
EndProject
Project("{9A19103F-16F7-4668-BE54-9A1E7A4F7556}") = "Chat.Exceptions", "src\Services\Chat.API\Chat.Exceptions\Chat.Exceptions.csproj", "{7D1C2864-0E88-4F05-A9C9-05BCBBBBB0C8}"
EndProject
Project("{9A19103F-16F7-4668-BE54-9A1E7A4F7556}") = "Chat.Business-Tests", "src\Services\Chat.API-UnitTests\Chat.Business-Tests\Chat.Business-Tests.csproj", "{C31C12AB-D6AF-49FF-AE9B-EF3D0F83BCD6}"
EndProject
Project("{E53339B2-1760-4266-BCC7-CA923CBCF16C}") = "docker-compose", "docker-compose.dcproj", "{91AF9D5E-6A7A-4902-AFE8-8260EF308C35}"
EndProject
Global
	GlobalSection(SolutionConfigurationPlatforms) = preSolution
		Debug|Any CPU = Debug|Any CPU
		Release|Any CPU = Release|Any CPU
	EndGlobalSection
	GlobalSection(ProjectConfigurationPlatforms) = postSolution
		{CC2CA5AB-96ED-4BF6-81F0-B4178962E6D6}.Debug|Any CPU.ActiveCfg = Debug|Any CPU
		{CC2CA5AB-96ED-4BF6-81F0-B4178962E6D6}.Debug|Any CPU.Build.0 = Debug|Any CPU
		{CC2CA5AB-96ED-4BF6-81F0-B4178962E6D6}.Release|Any CPU.ActiveCfg = Release|Any CPU
		{CC2CA5AB-96ED-4BF6-81F0-B4178962E6D6}.Release|Any CPU.Build.0 = Release|Any CPU
		{ABFFC255-C696-4DD5-AF94-468BADFE1FE8}.Debug|Any CPU.ActiveCfg = Debug|Any CPU
		{ABFFC255-C696-4DD5-AF94-468BADFE1FE8}.Debug|Any CPU.Build.0 = Debug|Any CPU
		{ABFFC255-C696-4DD5-AF94-468BADFE1FE8}.Release|Any CPU.ActiveCfg = Release|Any CPU
		{ABFFC255-C696-4DD5-AF94-468BADFE1FE8}.Release|Any CPU.Build.0 = Release|Any CPU
		{745F2A29-ED28-42D3-B26F-3EDFB278071E}.Debug|Any CPU.ActiveCfg = Debug|Any CPU
		{745F2A29-ED28-42D3-B26F-3EDFB278071E}.Debug|Any CPU.Build.0 = Debug|Any CPU
		{745F2A29-ED28-42D3-B26F-3EDFB278071E}.Release|Any CPU.ActiveCfg = Release|Any CPU
		{745F2A29-ED28-42D3-B26F-3EDFB278071E}.Release|Any CPU.Build.0 = Release|Any CPU
		{7BFF5D95-37E8-4CBF-8D85-B7C8258F5883}.Debug|Any CPU.ActiveCfg = Debug|Any CPU
		{7BFF5D95-37E8-4CBF-8D85-B7C8258F5883}.Debug|Any CPU.Build.0 = Debug|Any CPU
		{7BFF5D95-37E8-4CBF-8D85-B7C8258F5883}.Release|Any CPU.ActiveCfg = Release|Any CPU
		{7BFF5D95-37E8-4CBF-8D85-B7C8258F5883}.Release|Any CPU.Build.0 = Release|Any CPU
		{182060CB-DF5D-471E-9630-2D01A1FC4B69}.Debug|Any CPU.ActiveCfg = Debug|Any CPU
		{182060CB-DF5D-471E-9630-2D01A1FC4B69}.Debug|Any CPU.Build.0 = Debug|Any CPU
		{182060CB-DF5D-471E-9630-2D01A1FC4B69}.Release|Any CPU.ActiveCfg = Release|Any CPU
		{182060CB-DF5D-471E-9630-2D01A1FC4B69}.Release|Any CPU.Build.0 = Release|Any CPU
		{1CC14180-BE52-4673-B51C-2C07DE24EB14}.Debug|Any CPU.ActiveCfg = Debug|Any CPU
		{1CC14180-BE52-4673-B51C-2C07DE24EB14}.Debug|Any CPU.Build.0 = Debug|Any CPU
		{1CC14180-BE52-4673-B51C-2C07DE24EB14}.Release|Any CPU.ActiveCfg = Release|Any CPU
		{1CC14180-BE52-4673-B51C-2C07DE24EB14}.Release|Any CPU.Build.0 = Release|Any CPU
		{7D1C2864-0E88-4F05-A9C9-05BCBBBBB0C8}.Debug|Any CPU.ActiveCfg = Debug|Any CPU
		{7D1C2864-0E88-4F05-A9C9-05BCBBBBB0C8}.Debug|Any CPU.Build.0 = Debug|Any CPU
		{7D1C2864-0E88-4F05-A9C9-05BCBBBBB0C8}.Release|Any CPU.ActiveCfg = Release|Any CPU
		{7D1C2864-0E88-4F05-A9C9-05BCBBBBB0C8}.Release|Any CPU.Build.0 = Release|Any CPU
		{C31C12AB-D6AF-49FF-AE9B-EF3D0F83BCD6}.Debug|Any CPU.ActiveCfg = Debug|Any CPU
		{C31C12AB-D6AF-49FF-AE9B-EF3D0F83BCD6}.Debug|Any CPU.Build.0 = Debug|Any CPU
		{C31C12AB-D6AF-49FF-AE9B-EF3D0F83BCD6}.Release|Any CPU.ActiveCfg = Release|Any CPU
		{C31C12AB-D6AF-49FF-AE9B-EF3D0F83BCD6}.Release|Any CPU.Build.0 = Release|Any CPU
		{91AF9D5E-6A7A-4902-AFE8-8260EF308C35}.Debug|Any CPU.ActiveCfg = Debug|Any CPU
		{91AF9D5E-6A7A-4902-AFE8-8260EF308C35}.Debug|Any CPU.Build.0 = Debug|Any CPU
		{91AF9D5E-6A7A-4902-AFE8-8260EF308C35}.Release|Any CPU.ActiveCfg = Release|Any CPU
		{91AF9D5E-6A7A-4902-AFE8-8260EF308C35}.Release|Any CPU.Build.0 = Release|Any CPU
	EndGlobalSection
	GlobalSection(SolutionProperties) = preSolution
		HideSolutionNode = FALSE
	EndGlobalSection
	GlobalSection(NestedProjects) = preSolution
		{356E96E5-2975-43A5-8A17-03F37F14B0C9} = {CCB84781-A362-421A-8660-A8B4238A989C}
		{A59171FB-CCD6-4B28-87A6-7DB1B07F0011} = {356E96E5-2975-43A5-8A17-03F37F14B0C9}
		{0150D56F-7E56-4B73-939B-009977F5A35E} = {356E96E5-2975-43A5-8A17-03F37F14B0C9}
		{C6289E80-5D46-4489-8C3C-51526D963477} = {A59171FB-CCD6-4B28-87A6-7DB1B07F0011}
		{CC2CA5AB-96ED-4BF6-81F0-B4178962E6D6} = {C6289E80-5D46-4489-8C3C-51526D963477}
		{ABFFC255-C696-4DD5-AF94-468BADFE1FE8} = {C6289E80-5D46-4489-8C3C-51526D963477}
		{745F2A29-ED28-42D3-B26F-3EDFB278071E} = {C6289E80-5D46-4489-8C3C-51526D963477}
		{7BFF5D95-37E8-4CBF-8D85-B7C8258F5883} = {A59171FB-CCD6-4B28-87A6-7DB1B07F0011}
		{182060CB-DF5D-471E-9630-2D01A1FC4B69} = {A59171FB-CCD6-4B28-87A6-7DB1B07F0011}
		{1CC14180-BE52-4673-B51C-2C07DE24EB14} = {A59171FB-CCD6-4B28-87A6-7DB1B07F0011}
		{7D1C2864-0E88-4F05-A9C9-05BCBBBBB0C8} = {A59171FB-CCD6-4B28-87A6-7DB1B07F0011}
		{C31C12AB-D6AF-49FF-AE9B-EF3D0F83BCD6} = {0150D56F-7E56-4B73-939B-009977F5A35E}
		{91AF9D5E-6A7A-4902-AFE8-8260EF308C35} = {CCB84781-A362-421A-8660-A8B4238A989C}
	EndGlobalSection
	GlobalSection(ExtensibilityGlobals) = postSolution
		SolutionGuid = {73DE3DED-58C1-4369-B2CD-8D3984E9F762}
	EndGlobalSection
EndGlobal
